
Microsoft Visual Studio Solution File, Format Version 12.00
# Visual Studio 15
VisualStudioVersion = 15.0.26124.0
MinimumVisualStudioVersion = 15.0.26124.0
Project("{2150E333-8FDC-42A3-9474-1A3956D46DE8}") = "src", "src", "{A75A9D72-D040-464A-AC36-129CA1ECA923}"
EndProject
Project("{FAE04EC0-301F-11D3-BF4B-00C04F79EFBC}") = "GradeBook", "src\GradeBook\GradeBook.csproj", "{D8C4E476-4A21-419F-A2FD-24D45A4D91E2}"
EndProject
Project("{2150E333-8FDC-42A3-9474-1A3956D46DE8}") = "test", "test", "{092FE0B1-281B-465E-BFB2-BE37BB04C91C}"
EndProject
Project("{FAE04EC0-301F-11D3-BF4B-00C04F79EFBC}") = "GradeBook.Tests", "test\GradeBook.Tests\GradeBook.Tests.csproj", "{6CA7183A-DFA2-4281-A6C0-4959FEEAC91E}"
EndProject
Global
	GlobalSection(SolutionConfigurationPlatforms) = preSolution
		Debug|Any CPU = Debug|Any CPU
		Debug|x64 = Debug|x64
		Debug|x86 = Debug|x86
		Release|Any CPU = Release|Any CPU
		Release|x64 = Release|x64
		Release|x86 = Release|x86
	EndGlobalSection
	GlobalSection(SolutionProperties) = preSolution
		HideSolutionNode = FALSE
	EndGlobalSection
	GlobalSection(ProjectConfigurationPlatforms) = postSolution
		{D8C4E476-4A21-419F-A2FD-24D45A4D91E2}.Debug|Any CPU.ActiveCfg = Debug|Any CPU
		{D8C4E476-4A21-419F-A2FD-24D45A4D91E2}.Debug|Any CPU.Build.0 = Debug|Any CPU
		{D8C4E476-4A21-419F-A2FD-24D45A4D91E2}.Debug|x64.ActiveCfg = Debug|Any CPU
		{D8C4E476-4A21-419F-A2FD-24D45A4D91E2}.Debug|x64.Build.0 = Debug|Any CPU
		{D8C4E476-4A21-419F-A2FD-24D45A4D91E2}.Debug|x86.ActiveCfg = Debug|Any CPU
		{D8C4E476-4A21-419F-A2FD-24D45A4D91E2}.Debug|x86.Build.0 = Debug|Any CPU
		{D8C4E476-4A21-419F-A2FD-24D45A4D91E2}.Release|Any CPU.ActiveCfg = Release|Any CPU
		{D8C4E476-4A21-419F-A2FD-24D45A4D91E2}.Release|Any CPU.Build.0 = Release|Any CPU
		{D8C4E476-4A21-419F-A2FD-24D45A4D91E2}.Release|x64.ActiveCfg = Release|Any CPU
		{D8C4E476-4A21-419F-A2FD-24D45A4D91E2}.Release|x64.Build.0 = Release|Any CPU
		{D8C4E476-4A21-419F-A2FD-24D45A4D91E2}.Release|x86.ActiveCfg = Release|Any CPU
		{D8C4E476-4A21-419F-A2FD-24D45A4D91E2}.Release|x86.Build.0 = Release|Any CPU
		{6CA7183A-DFA2-4281-A6C0-4959FEEAC91E}.Debug|Any CPU.ActiveCfg = Debug|Any CPU
		{6CA7183A-DFA2-4281-A6C0-4959FEEAC91E}.Debug|Any CPU.Build.0 = Debug|Any CPU
		{6CA7183A-DFA2-4281-A6C0-4959FEEAC91E}.Debug|x64.ActiveCfg = Debug|Any CPU
		{6CA7183A-DFA2-4281-A6C0-4959FEEAC91E}.Debug|x64.Build.0 = Debug|Any CPU
		{6CA7183A-DFA2-4281-A6C0-4959FEEAC91E}.Debug|x86.ActiveCfg = Debug|Any CPU
		{6CA7183A-DFA2-4281-A6C0-4959FEEAC91E}.Debug|x86.Build.0 = Debug|Any CPU
		{6CA7183A-DFA2-4281-A6C0-4959FEEAC91E}.Release|Any CPU.ActiveCfg = Release|Any CPU
		{6CA7183A-DFA2-4281-A6C0-4959FEEAC91E}.Release|Any CPU.Build.0 = Release|Any CPU
		{6CA7183A-DFA2-4281-A6C0-4959FEEAC91E}.Release|x64.ActiveCfg = Release|Any CPU
		{6CA7183A-DFA2-4281-A6C0-4959FEEAC91E}.Release|x64.Build.0 = Release|Any CPU
		{6CA7183A-DFA2-4281-A6C0-4959FEEAC91E}.Release|x86.ActiveCfg = Release|Any CPU
		{6CA7183A-DFA2-4281-A6C0-4959FEEAC91E}.Release|x86.Build.0 = Release|Any CPU
	EndGlobalSection
	GlobalSection(NestedProjects) = preSolution
		{D8C4E476-4A21-419F-A2FD-24D45A4D91E2} = {A75A9D72-D040-464A-AC36-129CA1ECA923}
		{6CA7183A-DFA2-4281-A6C0-4959FEEAC91E} = {092FE0B1-281B-465E-BFB2-BE37BB04C91C}
	EndGlobalSection
EndGlobal
