
Microsoft Visual Studio Solution File, Format Version 12.00
# Visual Studio 15
VisualStudioVersion = 15.0.26124.0
MinimumVisualStudioVersion = 15.0.26124.0
Project("{FAE04EC0-301F-11D3-BF4B-00C04F79EFBC}") = "StringLibrary", "StringLibrary\StringLibrary.csproj", "{59402AB3-AF15-420D-B2F8-627138AB4999}"
EndProject
Project("{FAE04EC0-301F-11D3-BF4B-00C04F79EFBC}") = "ShowCase", "ShowCase\ShowCase.csproj", "{46630622-ACDE-418C-92FD-4CC02E3C8B98}"
EndProject
Project("{FAE04EC0-301F-11D3-BF4B-00C04F79EFBC}") = "StringLibraryTest", "StringLibraryTest\StringLibraryTest.csproj", "{2AA89A0B-CE50-49A5-8E9B-8304CB565A58}"
EndProject
Global
	GlobalSection(SolutionConfigurationPlatforms) = preSolution
		Debug|Any CPU = Debug|Any CPU
		Debug|x64 = Debug|x64
		Debug|x86 = Debug|x86
		Release|Any CPU = Release|Any CPU
		Release|x64 = Release|x64
		Release|x86 = Release|x86
	EndGlobalSection
	GlobalSection(SolutionProperties) = preSolution
		HideSolutionNode = FALSE
	EndGlobalSection
	GlobalSection(ProjectConfigurationPlatforms) = postSolution
		{59402AB3-AF15-420D-B2F8-627138AB4999}.Debug|Any CPU.ActiveCfg = Debug|Any CPU
		{59402AB3-AF15-420D-B2F8-627138AB4999}.Debug|Any CPU.Build.0 = Debug|Any CPU
		{59402AB3-AF15-420D-B2F8-627138AB4999}.Debug|x64.ActiveCfg = Debug|Any CPU
		{59402AB3-AF15-420D-B2F8-627138AB4999}.Debug|x64.Build.0 = Debug|Any CPU
		{59402AB3-AF15-420D-B2F8-627138AB4999}.Debug|x86.ActiveCfg = Debug|Any CPU
		{59402AB3-AF15-420D-B2F8-627138AB4999}.Debug|x86.Build.0 = Debug|Any CPU
		{59402AB3-AF15-420D-B2F8-627138AB4999}.Release|Any CPU.ActiveCfg = Release|Any CPU
		{59402AB3-AF15-420D-B2F8-627138AB4999}.Release|Any CPU.Build.0 = Release|Any CPU
		{59402AB3-AF15-420D-B2F8-627138AB4999}.Release|x64.ActiveCfg = Release|Any CPU
		{59402AB3-AF15-420D-B2F8-627138AB4999}.Release|x64.Build.0 = Release|Any CPU
		{59402AB3-AF15-420D-B2F8-627138AB4999}.Release|x86.ActiveCfg = Release|Any CPU
		{59402AB3-AF15-420D-B2F8-627138AB4999}.Release|x86.Build.0 = Release|Any CPU
		{46630622-ACDE-418C-92FD-4CC02E3C8B98}.Debug|Any CPU.ActiveCfg = Debug|Any CPU
		{46630622-ACDE-418C-92FD-4CC02E3C8B98}.Debug|Any CPU.Build.0 = Debug|Any CPU
		{46630622-ACDE-418C-92FD-4CC02E3C8B98}.Debug|x64.ActiveCfg = Debug|Any CPU
		{46630622-ACDE-418C-92FD-4CC02E3C8B98}.Debug|x64.Build.0 = Debug|Any CPU
		{46630622-ACDE-418C-92FD-4CC02E3C8B98}.Debug|x86.ActiveCfg = Debug|Any CPU
		{46630622-ACDE-418C-92FD-4CC02E3C8B98}.Debug|x86.Build.0 = Debug|Any CPU
		{46630622-ACDE-418C-92FD-4CC02E3C8B98}.Release|Any CPU.ActiveCfg = Release|Any CPU
		{46630622-ACDE-418C-92FD-4CC02E3C8B98}.Release|Any CPU.Build.0 = Release|Any CPU
		{46630622-ACDE-418C-92FD-4CC02E3C8B98}.Release|x64.ActiveCfg = Release|Any CPU
		{46630622-ACDE-418C-92FD-4CC02E3C8B98}.Release|x64.Build.0 = Release|Any CPU
		{46630622-ACDE-418C-92FD-4CC02E3C8B98}.Release|x86.ActiveCfg = Release|Any CPU
		{46630622-ACDE-418C-92FD-4CC02E3C8B98}.Release|x86.Build.0 = Release|Any CPU
		{2AA89A0B-CE50-49A5-8E9B-8304CB565A58}.Debug|Any CPU.ActiveCfg = Debug|Any CPU
		{2AA89A0B-CE50-49A5-8E9B-8304CB565A58}.Debug|Any CPU.Build.0 = Debug|Any CPU
		{2AA89A0B-CE50-49A5-8E9B-8304CB565A58}.Debug|x64.ActiveCfg = Debug|Any CPU
		{2AA89A0B-CE50-49A5-8E9B-8304CB565A58}.Debug|x64.Build.0 = Debug|Any CPU
		{2AA89A0B-CE50-49A5-8E9B-8304CB565A58}.Debug|x86.ActiveCfg = Debug|Any CPU
		{2AA89A0B-CE50-49A5-8E9B-8304CB565A58}.Debug|x86.Build.0 = Debug|Any CPU
		{2AA89A0B-CE50-49A5-8E9B-8304CB565A58}.Release|Any CPU.ActiveCfg = Release|Any CPU
		{2AA89A0B-CE50-49A5-8E9B-8304CB565A58}.Release|Any CPU.Build.0 = Release|Any CPU
		{2AA89A0B-CE50-49A5-8E9B-8304CB565A58}.Release|x64.ActiveCfg = Release|Any CPU
		{2AA89A0B-CE50-49A5-8E9B-8304CB565A58}.Release|x64.Build.0 = Release|Any CPU
		{2AA89A0B-CE50-49A5-8E9B-8304CB565A58}.Release|x86.ActiveCfg = Release|Any CPU
		{2AA89A0B-CE50-49A5-8E9B-8304CB565A58}.Release|x86.Build.0 = Release|Any CPU
	EndGlobalSection
EndGlobal
